// !$*UTF8*$!
{
	archiveVersion = 1;
	classes = {
	};
	objectVersion = 48;
	objects = {

/* Begin PBXBuildFile section */
		17FC693338E5C451EEFBD6FA /* AssetsLibrary.framework in Frameworks */ = {isa = PBXBuildFile; fileRef = 39DFC5695AC98A1CFA61E623 /* AssetsLibrary.framework */; };
		36B36DE405C67DDC5ADFD0AB /* QuartzCore.framework in Frameworks */ = {isa = PBXBuildFile; fileRef = 2A6E595CD2E4C2C0D91515B6 /* QuartzCore.framework */; };
		5F0CC2141F2814BD00E25474 /* Mixpanel.framework in Frameworks */ = {isa = PBXBuildFile; fileRef = 5F0CC2131F2814BD00E25474 /* Mixpanel.framework */; };
		5F0E92072215D88B000D1EA9 /* PlanetCell.xib in Resources */ = {isa = PBXBuildFile; fileRef = 5F0E92062215D88B000D1EA9 /* PlanetCell.xib */; };
		5F0E92092215D895000D1EA9 /* PlanetCell.swift in Sources */ = {isa = PBXBuildFile; fileRef = 5F0E92082215D895000D1EA9 /* PlanetCell.swift */; };
		5F1950D822323D720072B627 /* MenuContainerView.swift in Sources */ = {isa = PBXBuildFile; fileRef = 5F1950D722323D720072B627 /* MenuContainerView.swift */; };
		5F1950DA22323D9D0072B627 /* MenuContainerViewController.swift in Sources */ = {isa = PBXBuildFile; fileRef = 5F1950D922323D9D0072B627 /* MenuContainerViewController.swift */; };
		5F1BD274225559D10089A524 /* WhiteView.swift in Sources */ = {isa = PBXBuildFile; fileRef = 5F1BD273225559D10089A524 /* WhiteView.swift */; };
		5F27FD181F061C5200498524 /* Mars.scn in Resources */ = {isa = PBXBuildFile; fileRef = 5F27FD171F061C5200498524 /* Mars.scn */; };
		5F28BC341F3388AF003E013F /* ScaleReference.swift in Sources */ = {isa = PBXBuildFile; fileRef = 5F28BC331F3388AF003E013F /* ScaleReference.swift */; };
		5F30D4DC1F16CD68006A45B1 /* Planet.swift in Sources */ = {isa = PBXBuildFile; fileRef = 5F30D4DB1F16CD68006A45B1 /* Planet.swift */; };
		5F30D4DD1F16CD7D006A45B1 /* Planet.swift in Sources */ = {isa = PBXBuildFile; fileRef = 5F30D4DB1F16CD68006A45B1 /* Planet.swift */; };
		5F30D4DF1F16CDB7006A45B1 /* PlanetoidGroupNode.swift in Sources */ = {isa = PBXBuildFile; fileRef = 5F30D4DE1F16CDB7006A45B1 /* PlanetoidGroupNode.swift */; };
		5F30D4E01F16CDBD006A45B1 /* PlanetoidGroupNode.swift in Sources */ = {isa = PBXBuildFile; fileRef = 5F30D4DE1F16CDB7006A45B1 /* PlanetoidGroupNode.swift */; };
		5F39596E1EE9898200EDEBEE /* Utilities.swift in Sources */ = {isa = PBXBuildFile; fileRef = 5F39596D1EE934B200EDEBEE /* Utilities.swift */; };
		5F3B3360220FEA5400F961C1 /* TutorialView.xib in Resources */ = {isa = PBXBuildFile; fileRef = 5F3B335F220FEA5400F961C1 /* TutorialView.xib */; };
		5F3B33662213DD6D00F961C1 /* TutorialViewController.swift in Sources */ = {isa = PBXBuildFile; fileRef = 5F3B33652213DD6D00F961C1 /* TutorialViewController.swift */; };
		5F3B33682213DE0800F961C1 /* AboutView.xib in Resources */ = {isa = PBXBuildFile; fileRef = 5F3B33672213DE0800F961C1 /* AboutView.xib */; };
		5F3B336D2213E15100F961C1 /* SwiftMessages.framework in Frameworks */ = {isa = PBXBuildFile; fileRef = 5F3B336C2213E15100F961C1 /* SwiftMessages.framework */; };
		5F3B336F2213E1A800F961C1 /* AboutView.swift in Sources */ = {isa = PBXBuildFile; fileRef = 5F3B336E2213E1A800F961C1 /* AboutView.swift */; };
		5F78D70E1F3D222A0059FDA1 /* AppRater.swift in Sources */ = {isa = PBXBuildFile; fileRef = 5F78D70D1F3D222A0059FDA1 /* AppRater.swift */; };
		5F7AED05225561130090E27D /* StatusLabelView.xib in Resources */ = {isa = PBXBuildFile; fileRef = 5F7AED04225561130090E27D /* StatusLabelView.xib */; };
		5F7AED07225561570090E27D /* StatusLabelViewController.swift in Sources */ = {isa = PBXBuildFile; fileRef = 5F7AED06225561570090E27D /* StatusLabelViewController.swift */; };
		5F7AED09225561810090E27D /* StatusLabelView.swift in Sources */ = {isa = PBXBuildFile; fileRef = 5F7AED08225561810090E27D /* StatusLabelView.swift */; };
		5F86ACB7220EA5370011A98B /* SwiftAA.framework in Frameworks */ = {isa = PBXBuildFile; fileRef = 5F86ACB6220EA5370011A98B /* SwiftAA.framework */; };
		5F8B38C61F74CAE600F0F7D1 /* FocusSquare.swift in Sources */ = {isa = PBXBuildFile; fileRef = 5F8B38C41F74CAD200F0F7D1 /* FocusSquare.swift */; };
		5F8B38C71F74CAE900F0F7D1 /* FocusSquareSegment.swift in Sources */ = {isa = PBXBuildFile; fileRef = 5F8B38C51F74CAD200F0F7D1 /* FocusSquareSegment.swift */; };
		5F8B38C91F74CCEB00F0F7D1 /* VirtualObjectARView.swift in Sources */ = {isa = PBXBuildFile; fileRef = 5F8B38C81F74CCE800F0F7D1 /* VirtualObjectARView.swift */; };
		5F9126B61F2F8EAE00678A8F /* PinchController.swift in Sources */ = {isa = PBXBuildFile; fileRef = 5F9126B51F2F8EAE00678A8F /* PinchController.swift */; };
		5F9126B71F2F918100678A8F /* PinchController.swift in Sources */ = {isa = PBXBuildFile; fileRef = 5F9126B51F2F8EAE00678A8F /* PinchController.swift */; };
		5FA91A731F02C5DC00D8AFC1 /* Saturn.scn in Resources */ = {isa = PBXBuildFile; fileRef = 5FA91A721F02C5DC00D8AFC1 /* Saturn.scn */; };
		5FA91A751F02C76C00D8AFC1 /* Uranus.scn in Resources */ = {isa = PBXBuildFile; fileRef = 5FA91A741F02C76C00D8AFC1 /* Uranus.scn */; };
		5FAD1FB62232052200011A29 /* MenuContainerView.xib in Resources */ = {isa = PBXBuildFile; fileRef = 5FAD1FB52232052200011A29 /* MenuContainerView.xib */; };
		5FAD55E21F50852F0016B04E /* DatePickerViewController.swift in Sources */ = {isa = PBXBuildFile; fileRef = 5FAD55E11F50852F0016B04E /* DatePickerViewController.swift */; };
		5FB0E6771F05D26E00B3000B /* Venus.scn in Resources */ = {isa = PBXBuildFile; fileRef = 5FB0E6761F05D26E00B3000B /* Venus.scn */; };
		5FBAF96E1EE8B78400FAA54B /* AppDelegate.swift in Sources */ = {isa = PBXBuildFile; fileRef = 5FBAF96D1EE8B78400FAA54B /* AppDelegate.swift */; };
		5FBAF9701EE8B78400FAA54B /* art.scnassets in Resources */ = {isa = PBXBuildFile; fileRef = 5FBAF96F1EE8B78400FAA54B /* art.scnassets */; };
		5FBAF9721EE8B78400FAA54B /* ViewController.swift in Sources */ = {isa = PBXBuildFile; fileRef = 5FBAF9711EE8B78400FAA54B /* ViewController.swift */; };
		5FBAF9751EE8B78400FAA54B /* Main.storyboard in Resources */ = {isa = PBXBuildFile; fileRef = 5FBAF9731EE8B78400FAA54B /* Main.storyboard */; };
		5FBAF9771EE8B78400FAA54B /* Assets.xcassets in Resources */ = {isa = PBXBuildFile; fileRef = 5FBAF9761EE8B78400FAA54B /* Assets.xcassets */; };
		5FBAF97A1EE8B78400FAA54B /* LaunchScreen.storyboard in Resources */ = {isa = PBXBuildFile; fileRef = 5FBAF9781EE8B78400FAA54B /* LaunchScreen.storyboard */; };
		5FBD07DD221693B30060A6C0 /* PlanetDataSource.swift in Sources */ = {isa = PBXBuildFile; fileRef = 5FBD07DC221693B30060A6C0 /* PlanetDataSource.swift */; };
		5FC65CD81F01C93600D8C9CB /* Sun.scn in Resources */ = {isa = PBXBuildFile; fileRef = 5FC65CD71F01C93600D8C9CB /* Sun.scn */; };
		5FC65CDA1F01C98800D8C9CB /* Mercury.scn in Resources */ = {isa = PBXBuildFile; fileRef = 5FC65CD91F01C98800D8C9CB /* Mercury.scn */; };
		5FC65CDD1F02315000D8C9CB /* Jupiter.scn in Resources */ = {isa = PBXBuildFile; fileRef = 5FC65CDC1F02315000D8C9CB /* Jupiter.scn */; };
		5FDD81CE1F0DBB8C00F0B92D /* AppDelegate.swift in Sources */ = {isa = PBXBuildFile; fileRef = 5FDD81CD1F0DBB8C00F0B92D /* AppDelegate.swift */; };
		5FDD81D01F0DBB8C00F0B92D /* art.scnassets in Resources */ = {isa = PBXBuildFile; fileRef = 5FDD81CF1F0DBB8C00F0B92D /* art.scnassets */; };
		5FDD81D21F0DBB8C00F0B92D /* GameViewController.swift in Sources */ = {isa = PBXBuildFile; fileRef = 5FDD81D11F0DBB8C00F0B92D /* GameViewController.swift */; };
		5FDD81D51F0DBB8C00F0B92D /* Main.storyboard in Resources */ = {isa = PBXBuildFile; fileRef = 5FDD81D31F0DBB8C00F0B92D /* Main.storyboard */; };
		5FDD81D71F0DBB8C00F0B92D /* Assets.xcassets in Resources */ = {isa = PBXBuildFile; fileRef = 5FDD81D61F0DBB8C00F0B92D /* Assets.xcassets */; };
		5FDD81DA1F0DBB8C00F0B92D /* LaunchScreen.storyboard in Resources */ = {isa = PBXBuildFile; fileRef = 5FDD81D81F0DBB8C00F0B92D /* LaunchScreen.storyboard */; };
		5FDD81DF1F0DBC9300F0B92D /* SceneKitExtension.swift in Sources */ = {isa = PBXBuildFile; fileRef = 5FF9CEF01EE9C00D00A84513 /* SceneKitExtension.swift */; };
		5FDD81E01F0DBD2D00F0B92D /* Sun.scn in Resources */ = {isa = PBXBuildFile; fileRef = 5FC65CD71F01C93600D8C9CB /* Sun.scn */; };
		5FDD81E11F0DBD2D00F0B92D /* Mercury.scn in Resources */ = {isa = PBXBuildFile; fileRef = 5FC65CD91F01C98800D8C9CB /* Mercury.scn */; };
		5FDD81E21F0DBD2D00F0B92D /* Jupiter.scn in Resources */ = {isa = PBXBuildFile; fileRef = 5FC65CDC1F02315000D8C9CB /* Jupiter.scn */; };
		5FDD81E31F0DBD2D00F0B92D /* Saturn.scn in Resources */ = {isa = PBXBuildFile; fileRef = 5FA91A721F02C5DC00D8AFC1 /* Saturn.scn */; };
		5FDD81E41F0DBD2D00F0B92D /* Uranus.scn in Resources */ = {isa = PBXBuildFile; fileRef = 5FA91A741F02C76C00D8AFC1 /* Uranus.scn */; };
		5FDD81E51F0DBD2D00F0B92D /* Venus.scn in Resources */ = {isa = PBXBuildFile; fileRef = 5FB0E6761F05D26E00B3000B /* Venus.scn */; };
		5FDD81E61F0DBD2D00F0B92D /* Mars.scn in Resources */ = {isa = PBXBuildFile; fileRef = 5F27FD171F061C5200498524 /* Mars.scn */; };
		5FDD81E71F0DBD4000F0B92D /* art.scnassets in Resources */ = {isa = PBXBuildFile; fileRef = 5FBAF96F1EE8B78400FAA54B /* art.scnassets */; };
		5FDE10942215B8DF00607C0A /* HUDView.xib in Resources */ = {isa = PBXBuildFile; fileRef = 5FDE10932215B8DF00607C0A /* HUDView.xib */; };
		5FDE10962215B92200607C0A /* HUDView.swift in Sources */ = {isa = PBXBuildFile; fileRef = 5FDE10952215B92200607C0A /* HUDView.swift */; };
		5FDE10982215B99C00607C0A /* HUDViewController.swift in Sources */ = {isa = PBXBuildFile; fileRef = 5FDE10972215B99C00607C0A /* HUDViewController.swift */; };
		5FF9CEF11EE9C00D00A84513 /* SceneKitExtension.swift in Sources */ = {isa = PBXBuildFile; fileRef = 5FF9CEF01EE9C00D00A84513 /* SceneKitExtension.swift */; };
		65E69A70C61562F94B2514E1 /* CoreText.framework in Frameworks */ = {isa = PBXBuildFile; fileRef = 46267284C2EBEFD65B20CCA6 /* CoreText.framework */; };
		81F43EDC0F64A38CEE5F37C2 /* AVFoundation.framework in Frameworks */ = {isa = PBXBuildFile; fileRef = 3F19230B2264C6E45B5CA90A /* AVFoundation.framework */; };
		8F909B3F9BC3BA392B1542DF /* CoreMedia.framework in Frameworks */ = {isa = PBXBuildFile; fileRef = 9EE6A4A4E0D34347FC052697 /* CoreMedia.framework */; };
		98E5F380AC90E1950A5C65FA /* CoreTelephony.framework in Frameworks */ = {isa = PBXBuildFile; fileRef = 84A97186C5D8E146BE8573A1 /* CoreTelephony.framework */; };
		CD562CDF09A6E4A6A86EE518 /* CoreVideo.framework in Frameworks */ = {isa = PBXBuildFile; fileRef = C6534EA2F6D7099D59E3BE61 /* CoreVideo.framework */; };
		F86D392787AFEACCFF1323E9 /* SystemConfiguration.framework in Frameworks */ = {isa = PBXBuildFile; fileRef = 19923BFDF48B1EC48172BE91 /* SystemConfiguration.framework */; };
/* End PBXBuildFile section */

/* Begin PBXCopyFilesBuildPhase section */
		5F8B38C21F74760B00F0F7D1 /* Embed Frameworks */ = {
			isa = PBXCopyFilesBuildPhase;
			buildActionMask = 2147483647;
			dstPath = "";
			dstSubfolderSpec = 10;
			files = (
			);
			name = "Embed Frameworks";
			runOnlyForDeploymentPostprocessing = 0;
		};
/* End PBXCopyFilesBuildPhase section */

/* Begin PBXFileReference section */
		19923BFDF48B1EC48172BE91 /* SystemConfiguration.framework */ = {isa = PBXFileReference; lastKnownFileType = wrapper.framework; name = SystemConfiguration.framework; path = System/Library/Frameworks/SystemConfiguration.framework; sourceTree = SDKROOT; };
		2A6E595CD2E4C2C0D91515B6 /* QuartzCore.framework */ = {isa = PBXFileReference; lastKnownFileType = wrapper.framework; name = QuartzCore.framework; path = System/Library/Frameworks/QuartzCore.framework; sourceTree = SDKROOT; };
		39DFC5695AC98A1CFA61E623 /* AssetsLibrary.framework */ = {isa = PBXFileReference; lastKnownFileType = wrapper.framework; name = AssetsLibrary.framework; path = System/Library/Frameworks/AssetsLibrary.framework; sourceTree = SDKROOT; };
		3F19230B2264C6E45B5CA90A /* AVFoundation.framework */ = {isa = PBXFileReference; lastKnownFileType = wrapper.framework; name = AVFoundation.framework; path = System/Library/Frameworks/AVFoundation.framework; sourceTree = SDKROOT; };
		46267284C2EBEFD65B20CCA6 /* CoreText.framework */ = {isa = PBXFileReference; lastKnownFileType = wrapper.framework; name = CoreText.framework; path = System/Library/Frameworks/CoreText.framework; sourceTree = SDKROOT; };
		5F0CC2131F2814BD00E25474 /* Mixpanel.framework */ = {isa = PBXFileReference; lastKnownFileType = wrapper.framework; name = Mixpanel.framework; path = Carthage/Build/iOS/Mixpanel.framework; sourceTree = "<group>"; };
		5F0E92062215D88B000D1EA9 /* PlanetCell.xib */ = {isa = PBXFileReference; lastKnownFileType = file.xib; path = PlanetCell.xib; sourceTree = "<group>"; };
		5F0E92082215D895000D1EA9 /* PlanetCell.swift */ = {isa = PBXFileReference; lastKnownFileType = sourcecode.swift; path = PlanetCell.swift; sourceTree = "<group>"; };
		5F1950D722323D720072B627 /* MenuContainerView.swift */ = {isa = PBXFileReference; lastKnownFileType = sourcecode.swift; path = MenuContainerView.swift; sourceTree = "<group>"; };
		5F1950D922323D9D0072B627 /* MenuContainerViewController.swift */ = {isa = PBXFileReference; lastKnownFileType = sourcecode.swift; path = MenuContainerViewController.swift; sourceTree = "<group>"; };
		5F1BD273225559D10089A524 /* WhiteView.swift */ = {isa = PBXFileReference; lastKnownFileType = sourcecode.swift; path = WhiteView.swift; sourceTree = "<group>"; };
		5F255D8A1F2BA0A400E9F62E /* DocumentationScene.scn */ = {isa = PBXFileReference; lastKnownFileType = file.bplist; name = DocumentationScene.scn; path = art.scnassets/DocumentationScene.scn; sourceTree = "<group>"; };
		5F27FD171F061C5200498524 /* Mars.scn */ = {isa = PBXFileReference; lastKnownFileType = file.bplist; name = Mars.scn; path = art.scnassets/Mars.scn; sourceTree = "<group>"; };
		5F28BC331F3388AF003E013F /* ScaleReference.swift */ = {isa = PBXFileReference; lastKnownFileType = sourcecode.swift; path = ScaleReference.swift; sourceTree = "<group>"; };
		5F30D4DB1F16CD68006A45B1 /* Planet.swift */ = {isa = PBXFileReference; lastKnownFileType = sourcecode.swift; path = Planet.swift; sourceTree = "<group>"; };
		5F30D4DE1F16CDB7006A45B1 /* PlanetoidGroupNode.swift */ = {isa = PBXFileReference; lastKnownFileType = sourcecode.swift; path = PlanetoidGroupNode.swift; sourceTree = "<group>"; };
		5F39596D1EE934B200EDEBEE /* Utilities.swift */ = {isa = PBXFileReference; lastKnownFileType = sourcecode.swift; path = Utilities.swift; sourceTree = "<group>"; };
		5F3B335F220FEA5400F961C1 /* TutorialView.xib */ = {isa = PBXFileReference; lastKnownFileType = file.xib; path = TutorialView.xib; sourceTree = "<group>"; };
		5F3B33652213DD6D00F961C1 /* TutorialViewController.swift */ = {isa = PBXFileReference; fileEncoding = 4; lastKnownFileType = sourcecode.swift; path = TutorialViewController.swift; sourceTree = "<group>"; };
		5F3B33672213DE0800F961C1 /* AboutView.xib */ = {isa = PBXFileReference; lastKnownFileType = file.xib; path = AboutView.xib; sourceTree = "<group>"; };
		5F3B336C2213E15100F961C1 /* SwiftMessages.framework */ = {isa = PBXFileReference; lastKnownFileType = wrapper.framework; name = SwiftMessages.framework; path = Carthage/Build/iOS/SwiftMessages.framework; sourceTree = "<group>"; };
		5F3B336E2213E1A800F961C1 /* AboutView.swift */ = {isa = PBXFileReference; lastKnownFileType = sourcecode.swift; path = AboutView.swift; sourceTree = "<group>"; };
		5F78D70D1F3D222A0059FDA1 /* AppRater.swift */ = {isa = PBXFileReference; lastKnownFileType = sourcecode.swift; path = AppRater.swift; sourceTree = "<group>"; };
		5F7AED04225561130090E27D /* StatusLabelView.xib */ = {isa = PBXFileReference; lastKnownFileType = file.xib; path = StatusLabelView.xib; sourceTree = "<group>"; };
		5F7AED06225561570090E27D /* StatusLabelViewController.swift */ = {isa = PBXFileReference; lastKnownFileType = sourcecode.swift; path = StatusLabelViewController.swift; sourceTree = "<group>"; };
		5F7AED08225561810090E27D /* StatusLabelView.swift */ = {isa = PBXFileReference; lastKnownFileType = sourcecode.swift; path = StatusLabelView.swift; sourceTree = "<group>"; };
		5F86ACB6220EA5370011A98B /* SwiftAA.framework */ = {isa = PBXFileReference; lastKnownFileType = wrapper.framework; name = SwiftAA.framework; path = Carthage/Build/iOS/SwiftAA.framework; sourceTree = "<group>"; };
		5F8B38C41F74CAD200F0F7D1 /* FocusSquare.swift */ = {isa = PBXFileReference; lastKnownFileType = sourcecode.swift; path = FocusSquare.swift; sourceTree = "<group>"; };
		5F8B38C51F74CAD200F0F7D1 /* FocusSquareSegment.swift */ = {isa = PBXFileReference; lastKnownFileType = sourcecode.swift; path = FocusSquareSegment.swift; sourceTree = "<group>"; };
		5F8B38C81F74CCE800F0F7D1 /* VirtualObjectARView.swift */ = {isa = PBXFileReference; lastKnownFileType = sourcecode.swift; path = VirtualObjectARView.swift; sourceTree = "<group>"; };
		5F9126B51F2F8EAE00678A8F /* PinchController.swift */ = {isa = PBXFileReference; lastKnownFileType = sourcecode.swift; path = PinchController.swift; sourceTree = "<group>"; };
		5FA91A721F02C5DC00D8AFC1 /* Saturn.scn */ = {isa = PBXFileReference; lastKnownFileType = file.bplist; name = Saturn.scn; path = art.scnassets/Saturn.scn; sourceTree = "<group>"; };
		5FA91A741F02C76C00D8AFC1 /* Uranus.scn */ = {isa = PBXFileReference; lastKnownFileType = file.bplist; name = Uranus.scn; path = art.scnassets/Uranus.scn; sourceTree = "<group>"; };
		5FAD1FB52232052200011A29 /* MenuContainerView.xib */ = {isa = PBXFileReference; lastKnownFileType = file.xib; path = MenuContainerView.xib; sourceTree = "<group>"; };
		5FAD55E11F50852F0016B04E /* DatePickerViewController.swift */ = {isa = PBXFileReference; lastKnownFileType = sourcecode.swift; path = DatePickerViewController.swift; sourceTree = "<group>"; };
		5FB0E6761F05D26E00B3000B /* Venus.scn */ = {isa = PBXFileReference; lastKnownFileType = file.bplist; name = Venus.scn; path = art.scnassets/Venus.scn; sourceTree = "<group>"; };
		5FBAF96A1EE8B78400FAA54B /* SolAR.app */ = {isa = PBXFileReference; explicitFileType = wrapper.application; includeInIndex = 0; path = SolAR.app; sourceTree = BUILT_PRODUCTS_DIR; };
		5FBAF96D1EE8B78400FAA54B /* AppDelegate.swift */ = {isa = PBXFileReference; lastKnownFileType = sourcecode.swift; path = AppDelegate.swift; sourceTree = "<group>"; };
		5FBAF96F1EE8B78400FAA54B /* art.scnassets */ = {isa = PBXFileReference; lastKnownFileType = wrapper.scnassets; path = art.scnassets; sourceTree = "<group>"; };
		5FBAF9711EE8B78400FAA54B /* ViewController.swift */ = {isa = PBXFileReference; lastKnownFileType = sourcecode.swift; path = ViewController.swift; sourceTree = "<group>"; };
		5FBAF9741EE8B78400FAA54B /* Base */ = {isa = PBXFileReference; lastKnownFileType = file.storyboard; name = Base; path = Base.lproj/Main.storyboard; sourceTree = "<group>"; };
		5FBAF9761EE8B78400FAA54B /* Assets.xcassets */ = {isa = PBXFileReference; lastKnownFileType = folder.assetcatalog; path = Assets.xcassets; sourceTree = "<group>"; };
		5FBAF9791EE8B78400FAA54B /* Base */ = {isa = PBXFileReference; lastKnownFileType = file.storyboard; name = Base; path = Base.lproj/LaunchScreen.storyboard; sourceTree = "<group>"; };
		5FBAF97B1EE8B78400FAA54B /* Info.plist */ = {isa = PBXFileReference; lastKnownFileType = text.plist.xml; path = Info.plist; sourceTree = "<group>"; };
		5FBD07DC221693B30060A6C0 /* PlanetDataSource.swift */ = {isa = PBXFileReference; lastKnownFileType = sourcecode.swift; path = PlanetDataSource.swift; sourceTree = "<group>"; };
		5FC65CD71F01C93600D8C9CB /* Sun.scn */ = {isa = PBXFileReference; lastKnownFileType = file.bplist; name = Sun.scn; path = art.scnassets/Sun.scn; sourceTree = "<group>"; };
		5FC65CD91F01C98800D8C9CB /* Mercury.scn */ = {isa = PBXFileReference; lastKnownFileType = file.bplist; name = Mercury.scn; path = art.scnassets/Mercury.scn; sourceTree = "<group>"; };
		5FC65CDC1F02315000D8C9CB /* Jupiter.scn */ = {isa = PBXFileReference; lastKnownFileType = file.bplist; name = Jupiter.scn; path = art.scnassets/Jupiter.scn; sourceTree = "<group>"; };
		5FDD81CB1F0DBB8C00F0B92D /* SolarSystemScene.app */ = {isa = PBXFileReference; explicitFileType = wrapper.application; includeInIndex = 0; path = SolarSystemScene.app; sourceTree = BUILT_PRODUCTS_DIR; };
		5FDD81CD1F0DBB8C00F0B92D /* AppDelegate.swift */ = {isa = PBXFileReference; lastKnownFileType = sourcecode.swift; path = AppDelegate.swift; sourceTree = "<group>"; };
		5FDD81CF1F0DBB8C00F0B92D /* art.scnassets */ = {isa = PBXFileReference; lastKnownFileType = wrapper.scnassets; path = art.scnassets; sourceTree = "<group>"; };
		5FDD81D11F0DBB8C00F0B92D /* GameViewController.swift */ = {isa = PBXFileReference; lastKnownFileType = sourcecode.swift; path = GameViewController.swift; sourceTree = "<group>"; };
		5FDD81D41F0DBB8C00F0B92D /* Base */ = {isa = PBXFileReference; lastKnownFileType = file.storyboard; name = Base; path = Base.lproj/Main.storyboard; sourceTree = "<group>"; };
		5FDD81D61F0DBB8C00F0B92D /* Assets.xcassets */ = {isa = PBXFileReference; lastKnownFileType = folder.assetcatalog; path = Assets.xcassets; sourceTree = "<group>"; };
		5FDD81D91F0DBB8C00F0B92D /* Base */ = {isa = PBXFileReference; lastKnownFileType = file.storyboard; name = Base; path = Base.lproj/LaunchScreen.storyboard; sourceTree = "<group>"; };
		5FDD81DB1F0DBB8C00F0B92D /* Info.plist */ = {isa = PBXFileReference; lastKnownFileType = text.plist.xml; path = Info.plist; sourceTree = "<group>"; };
		5FDE10932215B8DF00607C0A /* HUDView.xib */ = {isa = PBXFileReference; lastKnownFileType = file.xib; path = HUDView.xib; sourceTree = "<group>"; };
		5FDE10952215B92200607C0A /* HUDView.swift */ = {isa = PBXFileReference; lastKnownFileType = sourcecode.swift; path = HUDView.swift; sourceTree = "<group>"; };
		5FDE10972215B99C00607C0A /* HUDViewController.swift */ = {isa = PBXFileReference; lastKnownFileType = sourcecode.swift; path = HUDViewController.swift; sourceTree = "<group>"; };
		5FF9CEF01EE9C00D00A84513 /* SceneKitExtension.swift */ = {isa = PBXFileReference; lastKnownFileType = sourcecode.swift; path = SceneKitExtension.swift; sourceTree = "<group>"; };
		84A97186C5D8E146BE8573A1 /* CoreTelephony.framework */ = {isa = PBXFileReference; lastKnownFileType = wrapper.framework; name = CoreTelephony.framework; path = System/Library/Frameworks/CoreTelephony.framework; sourceTree = SDKROOT; };
		8CADC108C15A59E1D0BE2296 /* Bridging-Header.h */ = {isa = PBXFileReference; includeInIndex = 1; lastKnownFileType = sourcecode.c.h; path = "Bridging-Header.h"; sourceTree = "<group>"; };
		9EE6A4A4E0D34347FC052697 /* CoreMedia.framework */ = {isa = PBXFileReference; lastKnownFileType = wrapper.framework; name = CoreMedia.framework; path = System/Library/Frameworks/CoreMedia.framework; sourceTree = SDKROOT; };
		C6534EA2F6D7099D59E3BE61 /* CoreVideo.framework */ = {isa = PBXFileReference; lastKnownFileType = wrapper.framework; name = CoreVideo.framework; path = System/Library/Frameworks/CoreVideo.framework; sourceTree = SDKROOT; };
/* End PBXFileReference section */

/* Begin PBXFrameworksBuildPhase section */
		5FBAF9671EE8B78400FAA54B /* Frameworks */ = {
			isa = PBXFrameworksBuildPhase;
			buildActionMask = 2147483647;
			files = (
				5F3B336D2213E15100F961C1 /* SwiftMessages.framework in Frameworks */,
				5F86ACB7220EA5370011A98B /* SwiftAA.framework in Frameworks */,
				5F0CC2141F2814BD00E25474 /* Mixpanel.framework in Frameworks */,
				17FC693338E5C451EEFBD6FA /* AssetsLibrary.framework in Frameworks */,
				65E69A70C61562F94B2514E1 /* CoreText.framework in Frameworks */,
				98E5F380AC90E1950A5C65FA /* CoreTelephony.framework in Frameworks */,
				F86D392787AFEACCFF1323E9 /* SystemConfiguration.framework in Frameworks */,
				36B36DE405C67DDC5ADFD0AB /* QuartzCore.framework in Frameworks */,
				81F43EDC0F64A38CEE5F37C2 /* AVFoundation.framework in Frameworks */,
				8F909B3F9BC3BA392B1542DF /* CoreMedia.framework in Frameworks */,
				CD562CDF09A6E4A6A86EE518 /* CoreVideo.framework in Frameworks */,
			);
			runOnlyForDeploymentPostprocessing = 0;
		};
		5FDD81C81F0DBB8C00F0B92D /* Frameworks */ = {
			isa = PBXFrameworksBuildPhase;
			buildActionMask = 2147483647;
			files = (
			);
			runOnlyForDeploymentPostprocessing = 0;
		};
/* End PBXFrameworksBuildPhase section */

/* Begin PBXGroup section */
		5F0CC2121F2814BD00E25474 /* Frameworks */ = {
			isa = PBXGroup;
			children = (
				5F3B336C2213E15100F961C1 /* SwiftMessages.framework */,
				5F86ACB6220EA5370011A98B /* SwiftAA.framework */,
				5F0CC2131F2814BD00E25474 /* Mixpanel.framework */,
				39DFC5695AC98A1CFA61E623 /* AssetsLibrary.framework */,
				46267284C2EBEFD65B20CCA6 /* CoreText.framework */,
				84A97186C5D8E146BE8573A1 /* CoreTelephony.framework */,
				19923BFDF48B1EC48172BE91 /* SystemConfiguration.framework */,
				2A6E595CD2E4C2C0D91515B6 /* QuartzCore.framework */,
				3F19230B2264C6E45B5CA90A /* AVFoundation.framework */,
				9EE6A4A4E0D34347FC052697 /* CoreMedia.framework */,
				C6534EA2F6D7099D59E3BE61 /* CoreVideo.framework */,
			);
			name = Frameworks;
			sourceTree = "<group>";
		};
		5F3B335E220FEA3B00F961C1 /* Views */ = {
			isa = PBXGroup;
			children = (
				5F3B335F220FEA5400F961C1 /* TutorialView.xib */,
				5F3B33672213DE0800F961C1 /* AboutView.xib */,
				5F3B336E2213E1A800F961C1 /* AboutView.swift */,
				5FDE10932215B8DF00607C0A /* HUDView.xib */,
				5FDE10952215B92200607C0A /* HUDView.swift */,
				5F0E92062215D88B000D1EA9 /* PlanetCell.xib */,
				5F0E92082215D895000D1EA9 /* PlanetCell.swift */,
				5FAD1FB52232052200011A29 /* MenuContainerView.xib */,
				5F1950D722323D720072B627 /* MenuContainerView.swift */,
				5F1BD273225559D10089A524 /* WhiteView.swift */,
				5F7AED04225561130090E27D /* StatusLabelView.xib */,
				5F7AED08225561810090E27D /* StatusLabelView.swift */,
			);
			path = Views;
			sourceTree = "<group>";
		};
		5F3B33692213DE5D00F961C1 /* ViewControllers */ = {
			isa = PBXGroup;
			children = (
				5F3B33652213DD6D00F961C1 /* TutorialViewController.swift */,
				5FBAF9711EE8B78400FAA54B /* ViewController.swift */,
				5FDE10972215B99C00607C0A /* HUDViewController.swift */,
				5F1950D922323D9D0072B627 /* MenuContainerViewController.swift */,
				5F7AED06225561570090E27D /* StatusLabelViewController.swift */,
			);
			path = ViewControllers;
			sourceTree = "<group>";
		};
		5F8B38C31F74CABC00F0F7D1 /* Focus Square */ = {
			isa = PBXGroup;
			children = (
				5F8B38C41F74CAD200F0F7D1 /* FocusSquare.swift */,
				5F8B38C51F74CAD200F0F7D1 /* FocusSquareSegment.swift */,
			);
			path = "Focus Square";
			sourceTree = "<group>";
		};
		5FBAF9611EE8B78400FAA54B = {
			isa = PBXGroup;
			children = (
				5FBAF96C1EE8B78400FAA54B /* SolarSystem */,
				5FDD81CC1F0DBB8C00F0B92D /* SolarSystemScene */,
				5FBAF96B1EE8B78400FAA54B /* Products */,
				5F0CC2121F2814BD00E25474 /* Frameworks */,
				8CADC108C15A59E1D0BE2296 /* Bridging-Header.h */,
			);
			sourceTree = "<group>";
		};
		5FBAF96B1EE8B78400FAA54B /* Products */ = {
			isa = PBXGroup;
			children = (
				5FBAF96A1EE8B78400FAA54B /* SolAR.app */,
				5FDD81CB1F0DBB8C00F0B92D /* SolarSystemScene.app */,
			);
			name = Products;
			sourceTree = "<group>";
		};
		5FBAF96C1EE8B78400FAA54B /* SolarSystem */ = {
			isa = PBXGroup;
			children = (
				5FBD07DB221693A40060A6C0 /* Data */,
				5F3B33692213DE5D00F961C1 /* ViewControllers */,
				5F3B335E220FEA3B00F961C1 /* Views */,
				5F8B38C31F74CABC00F0F7D1 /* Focus Square */,
				5F8B38C81F74CCE800F0F7D1 /* VirtualObjectARView.swift */,
				5F30D4DE1F16CDB7006A45B1 /* PlanetoidGroupNode.swift */,
				5FBAF96D1EE8B78400FAA54B /* AppDelegate.swift */,
				5F39596D1EE934B200EDEBEE /* Utilities.swift */,
				5FBAF96F1EE8B78400FAA54B /* art.scnassets */,
				5FBAF9731EE8B78400FAA54B /* Main.storyboard */,
				5FBAF9761EE8B78400FAA54B /* Assets.xcassets */,
				5FBAF9781EE8B78400FAA54B /* LaunchScreen.storyboard */,
				5FBAF97B1EE8B78400FAA54B /* Info.plist */,
				5FF9CEF01EE9C00D00A84513 /* SceneKitExtension.swift */,
				5FC65CD71F01C93600D8C9CB /* Sun.scn */,
				5FC65CD91F01C98800D8C9CB /* Mercury.scn */,
				5FC65CDC1F02315000D8C9CB /* Jupiter.scn */,
				5FA91A721F02C5DC00D8AFC1 /* Saturn.scn */,
				5FA91A741F02C76C00D8AFC1 /* Uranus.scn */,
				5FB0E6761F05D26E00B3000B /* Venus.scn */,
				5F27FD171F061C5200498524 /* Mars.scn */,
				5F30D4DB1F16CD68006A45B1 /* Planet.swift */,
				5F255D8A1F2BA0A400E9F62E /* DocumentationScene.scn */,
				5F9126B51F2F8EAE00678A8F /* PinchController.swift */,
				5F28BC331F3388AF003E013F /* ScaleReference.swift */,
				5F78D70D1F3D222A0059FDA1 /* AppRater.swift */,
				5FAD55E11F50852F0016B04E /* DatePickerViewController.swift */,
			);
			path = SolarSystem;
			sourceTree = "<group>";
		};
		5FBD07DB221693A40060A6C0 /* Data */ = {
			isa = PBXGroup;
			children = (
				5FBD07DC221693B30060A6C0 /* PlanetDataSource.swift */,
			);
			path = Data;
			sourceTree = "<group>";
		};
		5FDD81CC1F0DBB8C00F0B92D /* SolarSystemScene */ = {
			isa = PBXGroup;
			children = (
				5FDD81CD1F0DBB8C00F0B92D /* AppDelegate.swift */,
				5FDD81CF1F0DBB8C00F0B92D /* art.scnassets */,
				5FDD81D11F0DBB8C00F0B92D /* GameViewController.swift */,
				5FDD81D31F0DBB8C00F0B92D /* Main.storyboard */,
				5FDD81D61F0DBB8C00F0B92D /* Assets.xcassets */,
				5FDD81D81F0DBB8C00F0B92D /* LaunchScreen.storyboard */,
				5FDD81DB1F0DBB8C00F0B92D /* Info.plist */,
			);
			path = SolarSystemScene;
			sourceTree = "<group>";
		};
/* End PBXGroup section */

/* Begin PBXNativeTarget section */
		5FBAF9691EE8B78400FAA54B /* SolAR */ = {
			isa = PBXNativeTarget;
			buildConfigurationList = 5FBAF97E1EE8B78400FAA54B /* Build configuration list for PBXNativeTarget "SolAR" */;
			buildPhases = (
				5FBAF9661EE8B78400FAA54B /* Sources */,
				5FBAF9671EE8B78400FAA54B /* Frameworks */,
				5FBAF9681EE8B78400FAA54B /* Resources */,
				5F0CC2151F2814CF00E25474 /* ShellScript */,
				5F8B38C21F74760B00F0F7D1 /* Embed Frameworks */,
			);
			buildRules = (
			);
			dependencies = (
			);
			name = SolAR;
			productName = SolarSystem;
			productReference = 5FBAF96A1EE8B78400FAA54B /* SolAR.app */;
			productType = "com.apple.product-type.application";
		};
		5FDD81CA1F0DBB8C00F0B92D /* SolarSystemScene */ = {
			isa = PBXNativeTarget;
			buildConfigurationList = 5FDD81DE1F0DBB8C00F0B92D /* Build configuration list for PBXNativeTarget "SolarSystemScene" */;
			buildPhases = (
				5FDD81C71F0DBB8C00F0B92D /* Sources */,
				5FDD81C81F0DBB8C00F0B92D /* Frameworks */,
				5FDD81C91F0DBB8C00F0B92D /* Resources */,
				5F2641631F4C9C9000FE1F20 /* ShellScript */,
			);
			buildRules = (
			);
			dependencies = (
			);
			name = SolarSystemScene;
			productName = SolarSystemScene;
			productReference = 5FDD81CB1F0DBB8C00F0B92D /* SolarSystemScene.app */;
			productType = "com.apple.product-type.application";
		};
/* End PBXNativeTarget section */

/* Begin PBXProject section */
		5FBAF9621EE8B78400FAA54B /* Project object */ = {
			isa = PBXProject;
			attributes = {
				LastSwiftUpdateCheck = 0900;
				LastUpgradeCheck = 1010;
				ORGANIZATIONNAME = "Roderic Campbell";
				TargetAttributes = {
					5FBAF9691EE8B78400FAA54B = {
						CreatedOnToolsVersion = 9.0;
					};
					5FDD81CA1F0DBB8C00F0B92D = {
						CreatedOnToolsVersion = 9.0;
					};
				};
			};
			buildConfigurationList = 5FBAF9651EE8B78400FAA54B /* Build configuration list for PBXProject "SolarSystem" */;
			compatibilityVersion = "Xcode 8.0";
			developmentRegion = en;
			hasScannedForEncodings = 0;
			knownRegions = (
				en,
				Base,
			);
			mainGroup = 5FBAF9611EE8B78400FAA54B;
			productRefGroup = 5FBAF96B1EE8B78400FAA54B /* Products */;
			projectDirPath = "";
			projectRoot = "";
			targets = (
				5FBAF9691EE8B78400FAA54B /* SolAR */,
				5FDD81CA1F0DBB8C00F0B92D /* SolarSystemScene */,
			);
		};
/* End PBXProject section */

/* Begin PBXResourcesBuildPhase section */
		5FBAF9681EE8B78400FAA54B /* Resources */ = {
			isa = PBXResourcesBuildPhase;
			buildActionMask = 2147483647;
			files = (
				5FDE10942215B8DF00607C0A /* HUDView.xib in Resources */,
				5FA91A751F02C76C00D8AFC1 /* Uranus.scn in Resources */,
				5F27FD181F061C5200498524 /* Mars.scn in Resources */,
				5F0E92072215D88B000D1EA9 /* PlanetCell.xib in Resources */,
				5F7AED05225561130090E27D /* StatusLabelView.xib in Resources */,
				5F3B3360220FEA5400F961C1 /* TutorialView.xib in Resources */,
				5FBAF9701EE8B78400FAA54B /* art.scnassets in Resources */,
				5FC65CDA1F01C98800D8C9CB /* Mercury.scn in Resources */,
				5FBAF97A1EE8B78400FAA54B /* LaunchScreen.storyboard in Resources */,
				5FC65CDD1F02315000D8C9CB /* Jupiter.scn in Resources */,
				5F3B33682213DE0800F961C1 /* AboutView.xib in Resources */,
				5FC65CD81F01C93600D8C9CB /* Sun.scn in Resources */,
				5FAD1FB62232052200011A29 /* MenuContainerView.xib in Resources */,
				5FBAF9771EE8B78400FAA54B /* Assets.xcassets in Resources */,
				5FBAF9751EE8B78400FAA54B /* Main.storyboard in Resources */,
				5FB0E6771F05D26E00B3000B /* Venus.scn in Resources */,
				5FA91A731F02C5DC00D8AFC1 /* Saturn.scn in Resources */,
			);
			runOnlyForDeploymentPostprocessing = 0;
		};
		5FDD81C91F0DBB8C00F0B92D /* Resources */ = {
			isa = PBXResourcesBuildPhase;
			buildActionMask = 2147483647;
			files = (
				5FDD81E21F0DBD2D00F0B92D /* Jupiter.scn in Resources */,
				5FDD81E71F0DBD4000F0B92D /* art.scnassets in Resources */,
				5FDD81E61F0DBD2D00F0B92D /* Mars.scn in Resources */,
				5FDD81E31F0DBD2D00F0B92D /* Saturn.scn in Resources */,
				5FDD81E11F0DBD2D00F0B92D /* Mercury.scn in Resources */,
				5FDD81D01F0DBB8C00F0B92D /* art.scnassets in Resources */,
				5FDD81E41F0DBD2D00F0B92D /* Uranus.scn in Resources */,
				5FDD81DA1F0DBB8C00F0B92D /* LaunchScreen.storyboard in Resources */,
				5FDD81D71F0DBB8C00F0B92D /* Assets.xcassets in Resources */,
				5FDD81E01F0DBD2D00F0B92D /* Sun.scn in Resources */,
				5FDD81E51F0DBD2D00F0B92D /* Venus.scn in Resources */,
				5FDD81D51F0DBB8C00F0B92D /* Main.storyboard in Resources */,
			);
			runOnlyForDeploymentPostprocessing = 0;
		};
/* End PBXResourcesBuildPhase section */

/* Begin PBXShellScriptBuildPhase section */
		5F0CC2151F2814CF00E25474 /* ShellScript */ = {
			isa = PBXShellScriptBuildPhase;
			buildActionMask = 2147483647;
			files = (
			);
			inputPaths = (
				"$(SRCROOT)/Carthage/Build/iOS/Mixpanel.framework",
				"$(SRCROOT)/Carthage/Build/iOS/SwiftAA.framework",
				"$(SRCROOT)/Carthage/Build/iOS/SwiftMessages.framework",
			);
			outputPaths = (
				"$(BUILT_PRODUCTS_DIR)/$(FRAMEWORKS_FOLDER_PATH)/Mixpanel.framework",
				"$(BUILT_PRODUCTS_DIR)/$(FRAMEWORKS_FOLDER_PATH)/SwiftAA.framework",
				"$(BUILT_PRODUCTS_DIR)/$(FRAMEWORKS_FOLDER_PATH)/SwiftMessages.framework",
			);
			runOnlyForDeploymentPostprocessing = 0;
			shellPath = /bin/sh;
			shellScript = "/usr/local/bin/carthage copy-frameworks\n";
		};
		5F2641631F4C9C9000FE1F20 /* ShellScript */ = {
			isa = PBXShellScriptBuildPhase;
			buildActionMask = 2147483647;
			files = (
			);
			inputPaths = (
				"$(SRCROOT)/Carthage/Build/iOS/SwiftAA.framework",
			);
			outputPaths = (
				"$(BUILT_PRODUCTS_DIR)/$(FRAMEWORKS_FOLDER_PATH)/SwiftAA.framework",
			);
			runOnlyForDeploymentPostprocessing = 0;
			shellPath = /bin/sh;
			shellScript = "/usr/local/bin/carthage copy-frameworks ";
		};
/* End PBXShellScriptBuildPhase section */

/* Begin PBXSourcesBuildPhase section */
		5FBAF9661EE8B78400FAA54B /* Sources */ = {
			isa = PBXSourcesBuildPhase;
			buildActionMask = 2147483647;
			files = (
				5FBD07DD221693B30060A6C0 /* PlanetDataSource.swift in Sources */,
				5F1950DA22323D9D0072B627 /* MenuContainerViewController.swift in Sources */,
				5F8B38C91F74CCEB00F0F7D1 /* VirtualObjectARView.swift in Sources */,
				5F3B336F2213E1A800F961C1 /* AboutView.swift in Sources */,
				5F8B38C61F74CAE600F0F7D1 /* FocusSquare.swift in Sources */,
				5F39596E1EE9898200EDEBEE /* Utilities.swift in Sources */,
				5FF9CEF11EE9C00D00A84513 /* SceneKitExtension.swift in Sources */,
				5F30D4DF1F16CDB7006A45B1 /* PlanetoidGroupNode.swift in Sources */,
				5FBAF9721EE8B78400FAA54B /* ViewController.swift in Sources */,
				5FDE10982215B99C00607C0A /* HUDViewController.swift in Sources */,
				5F1950D822323D720072B627 /* MenuContainerView.swift in Sources */,
				5FBAF96E1EE8B78400FAA54B /* AppDelegate.swift in Sources */,
				5F7AED07225561570090E27D /* StatusLabelViewController.swift in Sources */,
				5F9126B61F2F8EAE00678A8F /* PinchController.swift in Sources */,
				5F1BD274225559D10089A524 /* WhiteView.swift in Sources */,
				5F7AED09225561810090E27D /* StatusLabelView.swift in Sources */,
				5F28BC341F3388AF003E013F /* ScaleReference.swift in Sources */,
				5F3B33662213DD6D00F961C1 /* TutorialViewController.swift in Sources */,
				5FDE10962215B92200607C0A /* HUDView.swift in Sources */,
				5F0E92092215D895000D1EA9 /* PlanetCell.swift in Sources */,
				5F8B38C71F74CAE900F0F7D1 /* FocusSquareSegment.swift in Sources */,
				5FAD55E21F50852F0016B04E /* DatePickerViewController.swift in Sources */,
				5F78D70E1F3D222A0059FDA1 /* AppRater.swift in Sources */,
				5F30D4DC1F16CD68006A45B1 /* Planet.swift in Sources */,
			);
			runOnlyForDeploymentPostprocessing = 0;
		};
		5FDD81C71F0DBB8C00F0B92D /* Sources */ = {
			isa = PBXSourcesBuildPhase;
			buildActionMask = 2147483647;
			files = (
				5F9126B71F2F918100678A8F /* PinchController.swift in Sources */,
				5FDD81D21F0DBB8C00F0B92D /* GameViewController.swift in Sources */,
				5FDD81DF1F0DBC9300F0B92D /* SceneKitExtension.swift in Sources */,
				5FDD81CE1F0DBB8C00F0B92D /* AppDelegate.swift in Sources */,
				5F30D4DD1F16CD7D006A45B1 /* Planet.swift in Sources */,
				5F30D4E01F16CDBD006A45B1 /* PlanetoidGroupNode.swift in Sources */,
			);
			runOnlyForDeploymentPostprocessing = 0;
		};
/* End PBXSourcesBuildPhase section */

/* Begin PBXVariantGroup section */
		5FBAF9731EE8B78400FAA54B /* Main.storyboard */ = {
			isa = PBXVariantGroup;
			children = (
				5FBAF9741EE8B78400FAA54B /* Base */,
			);
			name = Main.storyboard;
			sourceTree = "<group>";
		};
		5FBAF9781EE8B78400FAA54B /* LaunchScreen.storyboard */ = {
			isa = PBXVariantGroup;
			children = (
				5FBAF9791EE8B78400FAA54B /* Base */,
			);
			name = LaunchScreen.storyboard;
			sourceTree = "<group>";
		};
		5FDD81D31F0DBB8C00F0B92D /* Main.storyboard */ = {
			isa = PBXVariantGroup;
			children = (
				5FDD81D41F0DBB8C00F0B92D /* Base */,
			);
			name = Main.storyboard;
			sourceTree = "<group>";
		};
		5FDD81D81F0DBB8C00F0B92D /* LaunchScreen.storyboard */ = {
			isa = PBXVariantGroup;
			children = (
				5FDD81D91F0DBB8C00F0B92D /* Base */,
			);
			name = LaunchScreen.storyboard;
			sourceTree = "<group>";
		};
/* End PBXVariantGroup section */

/* Begin XCBuildConfiguration section */
		5FBAF97C1EE8B78400FAA54B /* Debug */ = {
			isa = XCBuildConfiguration;
			buildSettings = {
				ALWAYS_SEARCH_USER_PATHS = NO;
				CLANG_ANALYZER_NONNULL = YES;
				CLANG_ANALYZER_NUMBER_OBJECT_CONVERSION = YES_AGGRESSIVE;
				CLANG_CXX_LANGUAGE_STANDARD = "gnu++14";
				CLANG_CXX_LIBRARY = "libc++";
				CLANG_ENABLE_MODULES = YES;
				CLANG_ENABLE_OBJC_ARC = YES;
				CLANG_WARN_BLOCK_CAPTURE_AUTORELEASING = YES;
				CLANG_WARN_BOOL_CONVERSION = YES;
				CLANG_WARN_COMMA = YES;
				CLANG_WARN_CONSTANT_CONVERSION = YES;
				CLANG_WARN_DEPRECATED_OBJC_IMPLEMENTATIONS = YES;
				CLANG_WARN_DIRECT_OBJC_ISA_USAGE = YES_ERROR;
				CLANG_WARN_DOCUMENTATION_COMMENTS = YES;
				CLANG_WARN_EMPTY_BODY = YES;
				CLANG_WARN_ENUM_CONVERSION = YES;
				CLANG_WARN_INFINITE_RECURSION = YES;
				CLANG_WARN_INT_CONVERSION = YES;
				CLANG_WARN_NON_LITERAL_NULL_CONVERSION = YES;
				CLANG_WARN_OBJC_IMPLICIT_RETAIN_SELF = YES;
				CLANG_WARN_OBJC_LITERAL_CONVERSION = YES;
				CLANG_WARN_OBJC_ROOT_CLASS = YES_ERROR;
				CLANG_WARN_RANGE_LOOP_ANALYSIS = YES;
				CLANG_WARN_STRICT_PROTOTYPES = YES;
				CLANG_WARN_SUSPICIOUS_MOVE = YES;
				CLANG_WARN_UNGUARDED_AVAILABILITY = YES_AGGRESSIVE;
				CLANG_WARN_UNREACHABLE_CODE = YES;
				CLANG_WARN__DUPLICATE_METHOD_MATCH = YES;
				CODE_SIGN_IDENTITY = "iPhone Developer";
				COPY_PHASE_STRIP = NO;
				DEBUG_INFORMATION_FORMAT = dwarf;
				ENABLE_STRICT_OBJC_MSGSEND = YES;
				ENABLE_TESTABILITY = YES;
				GCC_C_LANGUAGE_STANDARD = gnu11;
				GCC_DYNAMIC_NO_PIC = NO;
				GCC_NO_COMMON_BLOCKS = YES;
				GCC_OPTIMIZATION_LEVEL = 0;
				GCC_PREPROCESSOR_DEFINITIONS = (
					"DEBUG=1",
					"$(inherited)",
				);
				GCC_WARN_64_TO_32_BIT_CONVERSION = YES;
				GCC_WARN_ABOUT_RETURN_TYPE = YES_ERROR;
				GCC_WARN_UNDECLARED_SELECTOR = YES;
				GCC_WARN_UNINITIALIZED_AUTOS = YES_AGGRESSIVE;
				GCC_WARN_UNUSED_FUNCTION = YES;
				GCC_WARN_UNUSED_VARIABLE = YES;
				IPHONEOS_DEPLOYMENT_TARGET = 12.0;
				MTL_ENABLE_DEBUG_INFO = YES;
				ONLY_ACTIVE_ARCH = YES;
				SDKROOT = iphoneos;
				SWIFT_ACTIVE_COMPILATION_CONDITIONS = DEBUG;
				SWIFT_OPTIMIZATION_LEVEL = "-Onone";
			};
			name = Debug;
		};
		5FBAF97D1EE8B78400FAA54B /* Release */ = {
			isa = XCBuildConfiguration;
			buildSettings = {
				ALWAYS_SEARCH_USER_PATHS = NO;
				CLANG_ANALYZER_NONNULL = YES;
				CLANG_ANALYZER_NUMBER_OBJECT_CONVERSION = YES_AGGRESSIVE;
				CLANG_CXX_LANGUAGE_STANDARD = "gnu++14";
				CLANG_CXX_LIBRARY = "libc++";
				CLANG_ENABLE_MODULES = YES;
				CLANG_ENABLE_OBJC_ARC = YES;
				CLANG_WARN_BLOCK_CAPTURE_AUTORELEASING = YES;
				CLANG_WARN_BOOL_CONVERSION = YES;
				CLANG_WARN_COMMA = YES;
				CLANG_WARN_CONSTANT_CONVERSION = YES;
				CLANG_WARN_DEPRECATED_OBJC_IMPLEMENTATIONS = YES;
				CLANG_WARN_DIRECT_OBJC_ISA_USAGE = YES_ERROR;
				CLANG_WARN_DOCUMENTATION_COMMENTS = YES;
				CLANG_WARN_EMPTY_BODY = YES;
				CLANG_WARN_ENUM_CONVERSION = YES;
				CLANG_WARN_INFINITE_RECURSION = YES;
				CLANG_WARN_INT_CONVERSION = YES;
				CLANG_WARN_NON_LITERAL_NULL_CONVERSION = YES;
				CLANG_WARN_OBJC_IMPLICIT_RETAIN_SELF = YES;
				CLANG_WARN_OBJC_LITERAL_CONVERSION = YES;
				CLANG_WARN_OBJC_ROOT_CLASS = YES_ERROR;
				CLANG_WARN_RANGE_LOOP_ANALYSIS = YES;
				CLANG_WARN_STRICT_PROTOTYPES = YES;
				CLANG_WARN_SUSPICIOUS_MOVE = YES;
				CLANG_WARN_UNGUARDED_AVAILABILITY = YES_AGGRESSIVE;
				CLANG_WARN_UNREACHABLE_CODE = YES;
				CLANG_WARN__DUPLICATE_METHOD_MATCH = YES;
				CODE_SIGN_IDENTITY = "iPhone Developer";
				COPY_PHASE_STRIP = NO;
				DEBUG_INFORMATION_FORMAT = "dwarf-with-dsym";
				ENABLE_NS_ASSERTIONS = NO;
				ENABLE_STRICT_OBJC_MSGSEND = YES;
				GCC_C_LANGUAGE_STANDARD = gnu11;
				GCC_NO_COMMON_BLOCKS = YES;
				GCC_WARN_64_TO_32_BIT_CONVERSION = YES;
				GCC_WARN_ABOUT_RETURN_TYPE = YES_ERROR;
				GCC_WARN_UNDECLARED_SELECTOR = YES;
				GCC_WARN_UNINITIALIZED_AUTOS = YES_AGGRESSIVE;
				GCC_WARN_UNUSED_FUNCTION = YES;
				GCC_WARN_UNUSED_VARIABLE = YES;
				IPHONEOS_DEPLOYMENT_TARGET = 12.0;
				MTL_ENABLE_DEBUG_INFO = NO;
				SDKROOT = iphoneos;
				SWIFT_OPTIMIZATION_LEVEL = "-Owholemodule";
				VALIDATE_PRODUCT = YES;
			};
			name = Release;
		};
		5FBAF97F1EE8B78400FAA54B /* Debug */ = {
			isa = XCBuildConfiguration;
			buildSettings = {
				ASSETCATALOG_COMPILER_APPICON_NAME = AppIcon;
				CURRENT_PROJECT_VERSION = 1;
				DEVELOPMENT_TEAM = F4WTN36U2F;
				ENABLE_BITCODE = NO;
				FRAMEWORK_SEARCH_PATHS = (
					"$(inherited)",
					"$(PROJECT_DIR)/Carthage/Build/iOS",
					"$(PROJECT_DIR)",
				);
				INFOPLIST_FILE = SolarSystem/Info.plist;
				LD_RUNPATH_SEARCH_PATHS = "$(inherited) @executable_path/Frameworks";
				PRODUCT_BUNDLE_IDENTIFIER = io.thumbworks.AugmentedSolarSystem;
				PRODUCT_NAME = "$(TARGET_NAME)";
				SWIFT_OBJC_BRIDGING_HEADER = "Bridging-Header.h";
				SWIFT_VERSION = 4.2;
				TARGETED_DEVICE_FAMILY = "1,2";
				VERSIONING_SYSTEM = "apple-generic";
			};
			name = Debug;
		};
		5FBAF9801EE8B78400FAA54B /* Release */ = {
			isa = XCBuildConfiguration;
			buildSettings = {
				ASSETCATALOG_COMPILER_APPICON_NAME = AppIcon;
				CURRENT_PROJECT_VERSION = 1;
				DEVELOPMENT_TEAM = F4WTN36U2F;
				ENABLE_BITCODE = NO;
				FRAMEWORK_SEARCH_PATHS = (
					"$(inherited)",
					"$(PROJECT_DIR)/Carthage/Build/iOS",
					"$(PROJECT_DIR)",
				);
				INFOPLIST_FILE = SolarSystem/Info.plist;
				LD_RUNPATH_SEARCH_PATHS = "$(inherited) @executable_path/Frameworks";
				PRODUCT_BUNDLE_IDENTIFIER = io.thumbworks.AugmentedSolarSystem;
				PRODUCT_NAME = "$(TARGET_NAME)";
				SWIFT_OBJC_BRIDGING_HEADER = "Bridging-Header.h";
				SWIFT_VERSION = 4.2;
				TARGETED_DEVICE_FAMILY = "1,2";
				VERSIONING_SYSTEM = "apple-generic";
			};
			name = Release;
		};
		5FDD81DC1F0DBB8C00F0B92D /* Debug */ = {
			isa = XCBuildConfiguration;
			buildSettings = {
				ASSETCATALOG_COMPILER_APPICON_NAME = AppIcon;
				DEVELOPMENT_TEAM = F4WTN36U2F;
				FRAMEWORK_SEARCH_PATHS = (
					"$(inherited)",
					"$(PROJECT_DIR)/Carthage/Build/iOS",
					"$(PROJECT_DIR)",
				);
				INFOPLIST_FILE = SolarSystemScene/Info.plist;
				LD_RUNPATH_SEARCH_PATHS = "$(inherited) @executable_path/Frameworks";
				PRODUCT_BUNDLE_IDENTIFIER = io.thumbworks.SolarSystemScene;
				PRODUCT_NAME = "$(TARGET_NAME)";
				SWIFT_VERSION = 4.0;
				TARGETED_DEVICE_FAMILY = "1,2";
			};
			name = Debug;
		};
		5FDD81DD1F0DBB8C00F0B92D /* Release */ = {
			isa = XCBuildConfiguration;
			buildSettings = {
				ASSETCATALOG_COMPILER_APPICON_NAME = AppIcon;
				DEVELOPMENT_TEAM = F4WTN36U2F;
				FRAMEWORK_SEARCH_PATHS = (
					"$(inherited)",
					"$(PROJECT_DIR)/Carthage/Build/iOS",
					"$(PROJECT_DIR)",
				);
				INFOPLIST_FILE = SolarSystemScene/Info.plist;
				LD_RUNPATH_SEARCH_PATHS = "$(inherited) @executable_path/Frameworks";
				PRODUCT_BUNDLE_IDENTIFIER = io.thumbworks.SolarSystemScene;
				PRODUCT_NAME = "$(TARGET_NAME)";
				SWIFT_VERSION = 4.0;
				TARGETED_DEVICE_FAMILY = "1,2";
			};
			name = Release;
		};
/* End XCBuildConfiguration section */

/* Begin XCConfigurationList section */
		5FBAF9651EE8B78400FAA54B /* Build configuration list for PBXProject "SolarSystem" */ = {
			isa = XCConfigurationList;
			buildConfigurations = (
				5FBAF97C1EE8B78400FAA54B /* Debug */,
				5FBAF97D1EE8B78400FAA54B /* Release */,
			);
			defaultConfigurationIsVisible = 0;
			defaultConfigurationName = Release;
		};
		5FBAF97E1EE8B78400FAA54B /* Build configuration list for PBXNativeTarget "SolAR" */ = {
			isa = XCConfigurationList;
			buildConfigurations = (
				5FBAF97F1EE8B78400FAA54B /* Debug */,
				5FBAF9801EE8B78400FAA54B /* Release */,
			);
			defaultConfigurationIsVisible = 0;
			defaultConfigurationName = Release;
		};
		5FDD81DE1F0DBB8C00F0B92D /* Build configuration list for PBXNativeTarget "SolarSystemScene" */ = {
			isa = XCConfigurationList;
			buildConfigurations = (
				5FDD81DC1F0DBB8C00F0B92D /* Debug */,
				5FDD81DD1F0DBB8C00F0B92D /* Release */,
			);
			defaultConfigurationIsVisible = 0;
			defaultConfigurationName = Release;
		};
/* End XCConfigurationList section */
	};
	rootObject = 5FBAF9621EE8B78400FAA54B /* Project object */;
}
